
Microsoft Visual Studio Solution File, Format Version 12.00
# Visual Studio Version 17
VisualStudioVersion = 17.5.33516.290
MinimumVisualStudioVersion = 10.0.40219.1
Project("{9A19103F-16F7-4668-BE54-9A1E7A4F7556}") = "EccomerceApi", "EccomerceApi\EccomerceApi.csproj", "{59779720-DDFB-44A5-A430-FD2C94832AD7}"
EndProject
Project("{9A19103F-16F7-4668-BE54-9A1E7A4F7556}") = "Model", "Model\Model.csproj", "{3D3D59D8-51B0-4F41-97A1-A6936A8A84EF}"
EndProject
Project("{FAE04EC0-301F-11D3-BF4B-00C04F79EFBC}") = "Service", "Service\Service.csproj", "{2FB9BEBB-2240-4FF6-AC3A-C47920F47C79}"
EndProject
Global
	GlobalSection(SolutionConfigurationPlatforms) = preSolution
		Debug|Any CPU = Debug|Any CPU
		Release|Any CPU = Release|Any CPU
	EndGlobalSection
	GlobalSection(ProjectConfigurationPlatforms) = postSolution
		{59779720-DDFB-44A5-A430-FD2C94832AD7}.Debug|Any CPU.ActiveCfg = Debug|Any CPU
		{59779720-DDFB-44A5-A430-FD2C94832AD7}.Debug|Any CPU.Build.0 = Debug|Any CPU
		{59779720-DDFB-44A5-A430-FD2C94832AD7}.Release|Any CPU.ActiveCfg = Release|Any CPU
		{59779720-DDFB-44A5-A430-FD2C94832AD7}.Release|Any CPU.Build.0 = Release|Any CPU
		{3D3D59D8-51B0-4F41-97A1-A6936A8A84EF}.Debug|Any CPU.ActiveCfg = Debug|Any CPU
		{3D3D59D8-51B0-4F41-97A1-A6936A8A84EF}.Debug|Any CPU.Build.0 = Debug|Any CPU
		{3D3D59D8-51B0-4F41-97A1-A6936A8A84EF}.Release|Any CPU.ActiveCfg = Release|Any CPU
		{3D3D59D8-51B0-4F41-97A1-A6936A8A84EF}.Release|Any CPU.Build.0 = Release|Any CPU
		{2FB9BEBB-2240-4FF6-AC3A-C47920F47C79}.Debug|Any CPU.ActiveCfg = Debug|Any CPU
		{2FB9BEBB-2240-4FF6-AC3A-C47920F47C79}.Debug|Any CPU.Build.0 = Debug|Any CPU
		{2FB9BEBB-2240-4FF6-AC3A-C47920F47C79}.Release|Any CPU.ActiveCfg = Release|Any CPU
		{2FB9BEBB-2240-4FF6-AC3A-C47920F47C79}.Release|Any CPU.Build.0 = Release|Any CPU
	EndGlobalSection
	GlobalSection(SolutionProperties) = preSolution
		HideSolutionNode = FALSE
	EndGlobalSection
	GlobalSection(ExtensibilityGlobals) = postSolution
		SolutionGuid = {A1A6CE8E-F023-48FB-83CE-196F5DEC24B7}
	EndGlobalSection
EndGlobal
